
Microsoft Visual Studio Solution File, Format Version 12.00
# Visual Studio 15
VisualStudioVersion = 15.0.28010.2026
MinimumVisualStudioVersion = 10.0.40219.1
Project("{FAE04EC0-301F-11D3-BF4B-00C04F79EFBC}") = "Kalkulator", "Kalkulator\Kalkulator.csproj", "{2E332C57-39B5-403D-9B94-F2AA8CBBCAEE}"
EndProject
Global
	GlobalSection(SolutionConfigurationPlatforms) = preSolution
		Debug|Any CPU = Debug|Any CPU
		Release|Any CPU = Release|Any CPU
	EndGlobalSection
	GlobalSection(ProjectConfigurationPlatforms) = postSolution
		{2E332C57-39B5-403D-9B94-F2AA8CBBCAEE}.Debug|Any CPU.ActiveCfg = Debug|Any CPU
		{2E332C57-39B5-403D-9B94-F2AA8CBBCAEE}.Debug|Any CPU.Build.0 = Debug|Any CPU
		{2E332C57-39B5-403D-9B94-F2AA8CBBCAEE}.Release|Any CPU.ActiveCfg = Release|Any CPU
		{2E332C57-39B5-403D-9B94-F2AA8CBBCAEE}.Release|Any CPU.Build.0 = Release|Any CPU
	EndGlobalSection
	GlobalSection(SolutionProperties) = preSolution
		HideSolutionNode = FALSE
	EndGlobalSection
	GlobalSection(ExtensibilityGlobals) = postSolution
		SolutionGuid = {3D899AE4-BC30-4F78-A315-58B471559059}
	EndGlobalSection
EndGlobal
